// !$*UTF8*$!
{
	archiveVersion = 1;
	classes = {
	};
	objectVersion = 56;
	objects = {

/* Begin PBXBuildFile section */
		DF4DD7332B8B555F0027EABA /* HomeControllerViewController.swift in Sources */ = {isa = PBXBuildFile; fileRef = DF4DD7322B8B555F0027EABA /* HomeControllerViewController.swift */; };
		DF4DD7352B8B69D10027EABA /* DataController.swift in Sources */ = {isa = PBXBuildFile; fileRef = DF4DD7342B8B69D10027EABA /* DataController.swift */; };
		DF4DD7372B8BB2310027EABA /* ImageController.swift in Sources */ = {isa = PBXBuildFile; fileRef = DF4DD7362B8BB2310027EABA /* ImageController.swift */; };
		DF4DD73A2B8BBAAB0027EABA /* UserCell.swift in Sources */ = {isa = PBXBuildFile; fileRef = DF4DD7382B8BBAAB0027EABA /* UserCell.swift */; };
		DF4DD73B2B8BBAAB0027EABA /* UserCell.xib in Resources */ = {isa = PBXBuildFile; fileRef = DF4DD7392B8BBAAB0027EABA /* UserCell.xib */; };
		DF9567332B8C6D6B00A2B04F /* DetailsControlelr.swift in Sources */ = {isa = PBXBuildFile; fileRef = DF9567322B8C6D6B00A2B04F /* DetailsControlelr.swift */; };
		DFC5F6492B8A799C00A08D0A /* AppDelegate.swift in Sources */ = {isa = PBXBuildFile; fileRef = DFC5F6482B8A799C00A08D0A /* AppDelegate.swift */; };
		DFC5F64B2B8A799C00A08D0A /* SceneDelegate.swift in Sources */ = {isa = PBXBuildFile; fileRef = DFC5F64A2B8A799C00A08D0A /* SceneDelegate.swift */; };
		DFC5F64D2B8A799C00A08D0A /* ViewController.swift in Sources */ = {isa = PBXBuildFile; fileRef = DFC5F64C2B8A799C00A08D0A /* ViewController.swift */; };
		DFC5F6502B8A799C00A08D0A /* Main.storyboard in Resources */ = {isa = PBXBuildFile; fileRef = DFC5F64E2B8A799C00A08D0A /* Main.storyboard */; };
		DFC5F6522B8A799E00A08D0A /* Assets.xcassets in Resources */ = {isa = PBXBuildFile; fileRef = DFC5F6512B8A799E00A08D0A /* Assets.xcassets */; };
		DFC5F6552B8A799E00A08D0A /* LaunchScreen.storyboard in Resources */ = {isa = PBXBuildFile; fileRef = DFC5F6532B8A799E00A08D0A /* LaunchScreen.storyboard */; };
		DFC5F6622B8A7A3D00A08D0A /* SystemModel.swift in Sources */ = {isa = PBXBuildFile; fileRef = DFC5F6612B8A7A3D00A08D0A /* SystemModel.swift */; };
/* End PBXBuildFile section */

/* Begin PBXFileReference section */
		DF4DD7322B8B555F0027EABA /* HomeControllerViewController.swift */ = {isa = PBXFileReference; lastKnownFileType = sourcecode.swift; path = HomeControllerViewController.swift; sourceTree = "<group>"; };
		DF4DD7342B8B69D10027EABA /* DataController.swift */ = {isa = PBXFileReference; lastKnownFileType = sourcecode.swift; path = DataController.swift; sourceTree = "<group>"; };
		DF4DD7362B8BB2310027EABA /* ImageController.swift */ = {isa = PBXFileReference; lastKnownFileType = sourcecode.swift; path = ImageController.swift; sourceTree = "<group>"; };
		DF4DD7382B8BBAAB0027EABA /* UserCell.swift */ = {isa = PBXFileReference; lastKnownFileType = sourcecode.swift; path = UserCell.swift; sourceTree = "<group>"; };
		DF4DD7392B8BBAAB0027EABA /* UserCell.xib */ = {isa = PBXFileReference; lastKnownFileType = file.xib; path = UserCell.xib; sourceTree = "<group>"; };
		DF9567322B8C6D6B00A2B04F /* DetailsControlelr.swift */ = {isa = PBXFileReference; lastKnownFileType = sourcecode.swift; path = DetailsControlelr.swift; sourceTree = "<group>"; };
		DFC5F6452B8A799C00A08D0A /* APIjson.app */ = {isa = PBXFileReference; explicitFileType = wrapper.application; includeInIndex = 0; path = APIjson.app; sourceTree = BUILT_PRODUCTS_DIR; };
		DFC5F6482B8A799C00A08D0A /* AppDelegate.swift */ = {isa = PBXFileReference; lastKnownFileType = sourcecode.swift; path = AppDelegate.swift; sourceTree = "<group>"; };
		DFC5F64A2B8A799C00A08D0A /* SceneDelegate.swift */ = {isa = PBXFileReference; lastKnownFileType = sourcecode.swift; path = SceneDelegate.swift; sourceTree = "<group>"; };
		DFC5F64C2B8A799C00A08D0A /* ViewController.swift */ = {isa = PBXFileReference; lastKnownFileType = sourcecode.swift; path = ViewController.swift; sourceTree = "<group>"; };
		DFC5F64F2B8A799C00A08D0A /* Base */ = {isa = PBXFileReference; lastKnownFileType = file.storyboard; name = Base; path = Base.lproj/Main.storyboard; sourceTree = "<group>"; };
		DFC5F6512B8A799E00A08D0A /* Assets.xcassets */ = {isa = PBXFileReference; lastKnownFileType = folder.assetcatalog; path = Assets.xcassets; sourceTree = "<group>"; };
		DFC5F6542B8A799E00A08D0A /* Base */ = {isa = PBXFileReference; lastKnownFileType = file.storyboard; name = Base; path = Base.lproj/LaunchScreen.storyboard; sourceTree = "<group>"; };
		DFC5F6562B8A799E00A08D0A /* Info.plist */ = {isa = PBXFileReference; lastKnownFileType = text.plist.xml; path = Info.plist; sourceTree = "<group>"; };
		DFC5F6612B8A7A3D00A08D0A /* SystemModel.swift */ = {isa = PBXFileReference; lastKnownFileType = sourcecode.swift; path = SystemModel.swift; sourceTree = "<group>"; };
/* End PBXFileReference section */

/* Begin PBXFrameworksBuildPhase section */
		DFC5F6422B8A799C00A08D0A /* Frameworks */ = {
			isa = PBXFrameworksBuildPhase;
			buildActionMask = 2147483647;
			files = (
			);
			runOnlyForDeploymentPostprocessing = 0;
		};
/* End PBXFrameworksBuildPhase section */

/* Begin PBXGroup section */
		DF9567342B8C73A900A2B04F /* API */ = {
			isa = PBXGroup;
			children = (
				DFC5F65C2B8A79BF00A08D0A /* Model */,
				DFC5F65D2B8A79C500A08D0A /* Controller */,
				DFC5F65F2B8A79ED00A08D0A /* View */,
			);
			path = API;
			sourceTree = "<group>";
		};
		DFC5F63C2B8A799C00A08D0A = {
			isa = PBXGroup;
			children = (
				DFC5F6472B8A799C00A08D0A /* APIjson */,
				DFC5F6462B8A799C00A08D0A /* Products */,
			);
			sourceTree = "<group>";
		};
		DFC5F6462B8A799C00A08D0A /* Products */ = {
			isa = PBXGroup;
			children = (
				DFC5F6452B8A799C00A08D0A /* APIjson.app */,
			);
			name = Products;
			sourceTree = "<group>";
		};
		DFC5F6472B8A799C00A08D0A /* APIjson */ = {
			isa = PBXGroup;
			children = (
				DF9567342B8C73A900A2B04F /* API */,
				DFC5F65E2B8A79CE00A08D0A /* App Delegate */,
				DFC5F6602B8A79FD00A08D0A /* Resources */,
			);
			path = APIjson;
			sourceTree = "<group>";
		};
		DFC5F65C2B8A79BF00A08D0A /* Model */ = {
			isa = PBXGroup;
			children = (
				DFC5F6612B8A7A3D00A08D0A /* SystemModel.swift */,
			);
			path = Model;
			sourceTree = "<group>";
		};
		DFC5F65D2B8A79C500A08D0A /* Controller */ = {
			isa = PBXGroup;
			children = (
				DFC5F64C2B8A799C00A08D0A /* ViewController.swift */,
				DF4DD7362B8BB2310027EABA /* ImageController.swift */,
				DF4DD7322B8B555F0027EABA /* HomeControllerViewController.swift */,
				DF4DD7342B8B69D10027EABA /* DataController.swift */,
				DF9567322B8C6D6B00A2B04F /* DetailsControlelr.swift */,
			);
			path = Controller;
			sourceTree = "<group>";
		};
		DFC5F65E2B8A79CE00A08D0A /* App Delegate */ = {
			isa = PBXGroup;
			children = (
				DFC5F6482B8A799C00A08D0A /* AppDelegate.swift */,
				DFC5F64A2B8A799C00A08D0A /* SceneDelegate.swift */,
			);
			path = "App Delegate";
			sourceTree = "<group>";
		};
		DFC5F65F2B8A79ED00A08D0A /* View */ = {
			isa = PBXGroup;
			children = (
				DFC5F64E2B8A799C00A08D0A /* Main.storyboard */,
				DF4DD7382B8BBAAB0027EABA /* UserCell.swift */,
				DF4DD7392B8BBAAB0027EABA /* UserCell.xib */,
			);
			path = View;
			sourceTree = "<group>";
		};
		DFC5F6602B8A79FD00A08D0A /* Resources */ = {
			isa = PBXGroup;
			children = (
				DFC5F6562B8A799E00A08D0A /* Info.plist */,
				DFC5F6532B8A799E00A08D0A /* LaunchScreen.storyboard */,
				DFC5F6512B8A799E00A08D0A /* Assets.xcassets */,
			);
			path = Resources;
			sourceTree = "<group>";
		};
/* End PBXGroup section */

/* Begin PBXNativeTarget section */
		DFC5F6442B8A799C00A08D0A /* APIjson */ = {
			isa = PBXNativeTarget;
			buildConfigurationList = DFC5F6592B8A799E00A08D0A /* Build configuration list for PBXNativeTarget "APIjson" */;
			buildPhases = (
				DFC5F6412B8A799C00A08D0A /* Sources */,
				DFC5F6422B8A799C00A08D0A /* Frameworks */,
				DFC5F6432B8A799C00A08D0A /* Resources */,
			);
			buildRules = (
			);
			dependencies = (
			);
			name = APIjson;
			productName = APIjson;
			productReference = DFC5F6452B8A799C00A08D0A /* APIjson.app */;
			productType = "com.apple.product-type.application";
		};
/* End PBXNativeTarget section */

/* Begin PBXProject section */
		DFC5F63D2B8A799C00A08D0A /* Project object */ = {
			isa = PBXProject;
			attributes = {
				BuildIndependentTargetsInParallel = 1;
				LastSwiftUpdateCheck = 1520;
				LastUpgradeCheck = 1520;
				TargetAttributes = {
					DFC5F6442B8A799C00A08D0A = {
						CreatedOnToolsVersion = 15.2;
					};
				};
			};
			buildConfigurationList = DFC5F6402B8A799C00A08D0A /* Build configuration list for PBXProject "APIjson" */;
			compatibilityVersion = "Xcode 14.0";
			developmentRegion = en;
			hasScannedForEncodings = 0;
			knownRegions = (
				en,
				Base,
			);
			mainGroup = DFC5F63C2B8A799C00A08D0A;
			productRefGroup = DFC5F6462B8A799C00A08D0A /* Products */;
			projectDirPath = "";
			projectRoot = "";
			targets = (
				DFC5F6442B8A799C00A08D0A /* APIjson */,
			);
		};
/* End PBXProject section */

/* Begin PBXResourcesBuildPhase section */
		DFC5F6432B8A799C00A08D0A /* Resources */ = {
			isa = PBXResourcesBuildPhase;
			buildActionMask = 2147483647;
			files = (
				DF4DD73B2B8BBAAB0027EABA /* UserCell.xib in Resources */,
				DFC5F6552B8A799E00A08D0A /* LaunchScreen.storyboard in Resources */,
				DFC5F6522B8A799E00A08D0A /* Assets.xcassets in Resources */,
				DFC5F6502B8A799C00A08D0A /* Main.storyboard in Resources */,
			);
			runOnlyForDeploymentPostprocessing = 0;
		};
/* End PBXResourcesBuildPhase section */

/* Begin PBXSourcesBuildPhase section */
		DFC5F6412B8A799C00A08D0A /* Sources */ = {
			isa = PBXSourcesBuildPhase;
			buildActionMask = 2147483647;
			files = (
				DF4DD73A2B8BBAAB0027EABA /* UserCell.swift in Sources */,
				DF4DD7372B8BB2310027EABA /* ImageController.swift in Sources */,
				DFC5F64D2B8A799C00A08D0A /* ViewController.swift in Sources */,
				DF4DD7352B8B69D10027EABA /* DataController.swift in Sources */,
				DF4DD7332B8B555F0027EABA /* HomeControllerViewController.swift in Sources */,
				DFC5F6492B8A799C00A08D0A /* AppDelegate.swift in Sources */,
				DF9567332B8C6D6B00A2B04F /* DetailsControlelr.swift in Sources */,
				DFC5F6622B8A7A3D00A08D0A /* SystemModel.swift in Sources */,
				DFC5F64B2B8A799C00A08D0A /* SceneDelegate.swift in Sources */,
			);
			runOnlyForDeploymentPostprocessing = 0;
		};
/* End PBXSourcesBuildPhase section */

/* Begin PBXVariantGroup section */
		DFC5F64E2B8A799C00A08D0A /* Main.storyboard */ = {
			isa = PBXVariantGroup;
			children = (
				DFC5F64F2B8A799C00A08D0A /* Base */,
			);
			name = Main.storyboard;
			sourceTree = "<group>";
		};
		DFC5F6532B8A799E00A08D0A /* LaunchScreen.storyboard */ = {
			isa = PBXVariantGroup;
			children = (
				DFC5F6542B8A799E00A08D0A /* Base */,
			);
			name = LaunchScreen.storyboard;
			sourceTree = "<group>";
		};
/* End PBXVariantGroup section */

/* Begin XCBuildConfiguration section */
		DFC5F6572B8A799E00A08D0A /* Debug */ = {
			isa = XCBuildConfiguration;
			buildSettings = {
				ALWAYS_SEARCH_USER_PATHS = NO;
				ASSETCATALOG_COMPILER_GENERATE_SWIFT_ASSET_SYMBOL_EXTENSIONS = YES;
				CLANG_ANALYZER_NONNULL = YES;
				CLANG_ANALYZER_NUMBER_OBJECT_CONVERSION = YES_AGGRESSIVE;
				CLANG_CXX_LANGUAGE_STANDARD = "gnu++20";
				CLANG_ENABLE_MODULES = YES;
				CLANG_ENABLE_OBJC_ARC = YES;
				CLANG_ENABLE_OBJC_WEAK = YES;
				CLANG_WARN_BLOCK_CAPTURE_AUTORELEASING = YES;
				CLANG_WARN_BOOL_CONVERSION = YES;
				CLANG_WARN_COMMA = YES;
				CLANG_WARN_CONSTANT_CONVERSION = YES;
				CLANG_WARN_DEPRECATED_OBJC_IMPLEMENTATIONS = YES;
				CLANG_WARN_DIRECT_OBJC_ISA_USAGE = YES_ERROR;
				CLANG_WARN_DOCUMENTATION_COMMENTS = YES;
				CLANG_WARN_EMPTY_BODY = YES;
				CLANG_WARN_ENUM_CONVERSION = YES;
				CLANG_WARN_INFINITE_RECURSION = YES;
				CLANG_WARN_INT_CONVERSION = YES;
				CLANG_WARN_NON_LITERAL_NULL_CONVERSION = YES;
				CLANG_WARN_OBJC_IMPLICIT_RETAIN_SELF = YES;
				CLANG_WARN_OBJC_LITERAL_CONVERSION = YES;
				CLANG_WARN_OBJC_ROOT_CLASS = YES_ERROR;
				CLANG_WARN_QUOTED_INCLUDE_IN_FRAMEWORK_HEADER = YES;
				CLANG_WARN_RANGE_LOOP_ANALYSIS = YES;
				CLANG_WARN_STRICT_PROTOTYPES = YES;
				CLANG_WARN_SUSPICIOUS_MOVE = YES;
				CLANG_WARN_UNGUARDED_AVAILABILITY = YES_AGGRESSIVE;
				CLANG_WARN_UNREACHABLE_CODE = YES;
				CLANG_WARN__DUPLICATE_METHOD_MATCH = YES;
				COPY_PHASE_STRIP = NO;
				DEBUG_INFORMATION_FORMAT = dwarf;
				ENABLE_STRICT_OBJC_MSGSEND = YES;
				ENABLE_TESTABILITY = YES;
				ENABLE_USER_SCRIPT_SANDBOXING = YES;
				GCC_C_LANGUAGE_STANDARD = gnu17;
				GCC_DYNAMIC_NO_PIC = NO;
				GCC_NO_COMMON_BLOCKS = YES;
				GCC_OPTIMIZATION_LEVEL = 0;
				GCC_PREPROCESSOR_DEFINITIONS = (
					"DEBUG=1",
					"$(inherited)",
				);
				GCC_WARN_64_TO_32_BIT_CONVERSION = YES;
				GCC_WARN_ABOUT_RETURN_TYPE = YES_ERROR;
				GCC_WARN_UNDECLARED_SELECTOR = YES;
				GCC_WARN_UNINITIALIZED_AUTOS = YES_AGGRESSIVE;
				GCC_WARN_UNUSED_FUNCTION = YES;
				GCC_WARN_UNUSED_VARIABLE = YES;
				IPHONEOS_DEPLOYMENT_TARGET = 17.2;
				LOCALIZATION_PREFERS_STRING_CATALOGS = YES;
				MTL_ENABLE_DEBUG_INFO = INCLUDE_SOURCE;
				MTL_FAST_MATH = YES;
				ONLY_ACTIVE_ARCH = YES;
				SDKROOT = iphoneos;
				SWIFT_ACTIVE_COMPILATION_CONDITIONS = "DEBUG $(inherited)";
				SWIFT_OPTIMIZATION_LEVEL = "-Onone";
			};
			name = Debug;
		};
		DFC5F6582B8A799E00A08D0A /* Release */ = {
			isa = XCBuildConfiguration;
			buildSettings = {
				ALWAYS_SEARCH_USER_PATHS = NO;
				ASSETCATALOG_COMPILER_GENERATE_SWIFT_ASSET_SYMBOL_EXTENSIONS = YES;
				CLANG_ANALYZER_NONNULL = YES;
				CLANG_ANALYZER_NUMBER_OBJECT_CONVERSION = YES_AGGRESSIVE;
				CLANG_CXX_LANGUAGE_STANDARD = "gnu++20";
				CLANG_ENABLE_MODULES = YES;
				CLANG_ENABLE_OBJC_ARC = YES;
				CLANG_ENABLE_OBJC_WEAK = YES;
				CLANG_WARN_BLOCK_CAPTURE_AUTORELEASING = YES;
				CLANG_WARN_BOOL_CONVERSION = YES;
				CLANG_WARN_COMMA = YES;
				CLANG_WARN_CONSTANT_CONVERSION = YES;
				CLANG_WARN_DEPRECATED_OBJC_IMPLEMENTATIONS = YES;
				CLANG_WARN_DIRECT_OBJC_ISA_USAGE = YES_ERROR;
				CLANG_WARN_DOCUMENTATION_COMMENTS = YES;
				CLANG_WARN_EMPTY_BODY = YES;
				CLANG_WARN_ENUM_CONVERSION = YES;
				CLANG_WARN_INFINITE_RECURSION = YES;
				CLANG_WARN_INT_CONVERSION = YES;
				CLANG_WARN_NON_LITERAL_NULL_CONVERSION = YES;
				CLANG_WARN_OBJC_IMPLICIT_RETAIN_SELF = YES;
				CLANG_WARN_OBJC_LITERAL_CONVERSION = YES;
				CLANG_WARN_OBJC_ROOT_CLASS = YES_ERROR;
				CLANG_WARN_QUOTED_INCLUDE_IN_FRAMEWORK_HEADER = YES;
				CLANG_WARN_RANGE_LOOP_ANALYSIS = YES;
				CLANG_WARN_STRICT_PROTOTYPES = YES;
				CLANG_WARN_SUSPICIOUS_MOVE = YES;
				CLANG_WARN_UNGUARDED_AVAILABILITY = YES_AGGRESSIVE;
				CLANG_WARN_UNREACHABLE_CODE = YES;
				CLANG_WARN__DUPLICATE_METHOD_MATCH = YES;
				COPY_PHASE_STRIP = NO;
				DEBUG_INFORMATION_FORMAT = "dwarf-with-dsym";
				ENABLE_NS_ASSERTIONS = NO;
				ENABLE_STRICT_OBJC_MSGSEND = YES;
				ENABLE_USER_SCRIPT_SANDBOXING = YES;
				GCC_C_LANGUAGE_STANDARD = gnu17;
				GCC_NO_COMMON_BLOCKS = YES;
				GCC_WARN_64_TO_32_BIT_CONVERSION = YES;
				GCC_WARN_ABOUT_RETURN_TYPE = YES_ERROR;
				GCC_WARN_UNDECLARED_SELECTOR = YES;
				GCC_WARN_UNINITIALIZED_AUTOS = YES_AGGRESSIVE;
				GCC_WARN_UNUSED_FUNCTION = YES;
				GCC_WARN_UNUSED_VARIABLE = YES;
				IPHONEOS_DEPLOYMENT_TARGET = 17.2;
				LOCALIZATION_PREFERS_STRING_CATALOGS = YES;
				MTL_ENABLE_DEBUG_INFO = NO;
				MTL_FAST_MATH = YES;
				SDKROOT = iphoneos;
				SWIFT_COMPILATION_MODE = wholemodule;
				VALIDATE_PRODUCT = YES;
			};
			name = Release;
		};
		DFC5F65A2B8A799E00A08D0A /* Debug */ = {
			isa = XCBuildConfiguration;
			buildSettings = {
				ASSETCATALOG_COMPILER_APPICON_NAME = AppIcon;
				ASSETCATALOG_COMPILER_GLOBAL_ACCENT_COLOR_NAME = AccentColor;
				CODE_SIGN_STYLE = Automatic;
				CURRENT_PROJECT_VERSION = 1;
				GENERATE_INFOPLIST_FILE = YES;
				INFOPLIST_FILE = APIjson/Resources/Info.plist;
				INFOPLIST_KEY_UIApplicationSupportsIndirectInputEvents = YES;
				INFOPLIST_KEY_UILaunchStoryboardName = LaunchScreen;
				INFOPLIST_KEY_UIMainStoryboardFile = Main;
				INFOPLIST_KEY_UISupportedInterfaceOrientations_iPad = "UIInterfaceOrientationPortrait UIInterfaceOrientationPortraitUpsideDown UIInterfaceOrientationLandscapeLeft UIInterfaceOrientationLandscapeRight";
				INFOPLIST_KEY_UISupportedInterfaceOrientations_iPhone = "UIInterfaceOrientationPortrait UIInterfaceOrientationLandscapeLeft UIInterfaceOrientationLandscapeRight";
				LD_RUNPATH_SEARCH_PATHS = (
					"$(inherited)",
					"@executable_path/Frameworks",
				);
				MARKETING_VERSION = 1.0;
				PRODUCT_BUNDLE_IDENTIFIER = stackgeeks.APIjson;
				PRODUCT_NAME = "$(TARGET_NAME)";
				SWIFT_EMIT_LOC_STRINGS = YES;
				SWIFT_VERSION = 5.0;
				TARGETED_DEVICE_FAMILY = "1,2";
			};
			name = Debug;
		};
		DFC5F65B2B8A799E00A08D0A /* Release */ = {
			isa = XCBuildConfiguration;
			buildSettings = {
				ASSETCATALOG_COMPILER_APPICON_NAME = AppIcon;
				ASSETCATALOG_COMPILER_GLOBAL_ACCENT_COLOR_NAME = AccentColor;
				CODE_SIGN_STYLE = Automatic;
				CURRENT_PROJECT_VERSION = 1;
				GENERATE_INFOPLIST_FILE = YES;
				INFOPLIST_FILE = APIjson/Resources/Info.plist;
				INFOPLIST_KEY_UIApplicationSupportsIndirectInputEvents = YES;
				INFOPLIST_KEY_UILaunchStoryboardName = LaunchScreen;
				INFOPLIST_KEY_UIMainStoryboardFile = Main;
				INFOPLIST_KEY_UISupportedInterfaceOrientations_iPad = "UIInterfaceOrientationPortrait UIInterfaceOrientationPortraitUpsideDown UIInterfaceOrientationLandscapeLeft UIInterfaceOrientationLandscapeRight";
				INFOPLIST_KEY_UISupportedInterfaceOrientations_iPhone = "UIInterfaceOrientationPortrait UIInterfaceOrientationLandscapeLeft UIInterfaceOrientationLandscapeRight";
				LD_RUNPATH_SEARCH_PATHS = (
					"$(inherited)",
					"@executable_path/Frameworks",
				);
				MARKETING_VERSION = 1.0;
				PRODUCT_BUNDLE_IDENTIFIER = stackgeeks.APIjson;
				PRODUCT_NAME = "$(TARGET_NAME)";
				SWIFT_EMIT_LOC_STRINGS = YES;
				SWIFT_VERSION = 5.0;
				TARGETED_DEVICE_FAMILY = "1,2";
			};
			name = Release;
		};
/* End XCBuildConfiguration section */

/* Begin XCConfigurationList section */
		DFC5F6402B8A799C00A08D0A /* Build configuration list for PBXProject "APIjson" */ = {
			isa = XCConfigurationList;
			buildConfigurations = (
				DFC5F6572B8A799E00A08D0A /* Debug */,
				DFC5F6582B8A799E00A08D0A /* Release */,
			);
			defaultConfigurationIsVisible = 0;
			defaultConfigurationName = Release;
		};
		DFC5F6592B8A799E00A08D0A /* Build configuration list for PBXNativeTarget "APIjson" */ = {
			isa = XCConfigurationList;
			buildConfigurations = (
				DFC5F65A2B8A799E00A08D0A /* Debug */,
				DFC5F65B2B8A799E00A08D0A /* Release */,
			);
			defaultConfigurationIsVisible = 0;
			defaultConfigurationName = Release;
		};
/* End XCConfigurationList section */
	};
	rootObject = DFC5F63D2B8A799C00A08D0A /* Project object */;
}
